// !$*UTF8*$!
{
	archiveVersion = 1;
	classes = {
	};
	objectVersion = 50;
	objects = {

/* Begin PBXBuildFile section */
		EE1F81FB236C40A500DD1A05 /* AppDelegate.swift in Sources */ = {isa = PBXBuildFile; fileRef = EE1F81FA236C40A500DD1A05 /* AppDelegate.swift */; };
		EE1F81FD236C40A500DD1A05 /* SceneDelegate.swift in Sources */ = {isa = PBXBuildFile; fileRef = EE1F81FC236C40A500DD1A05 /* SceneDelegate.swift */; };
		EE1F81FF236C40A500DD1A05 /* GameViewController.swift in Sources */ = {isa = PBXBuildFile; fileRef = EE1F81FE236C40A500DD1A05 /* GameViewController.swift */; };
		EE1F8204236C40AC00DD1A05 /* Assets.xcassets in Resources */ = {isa = PBXBuildFile; fileRef = EE1F8203236C40AC00DD1A05 /* Assets.xcassets */; };
		EE1F820F236C40ED00DD1A05 /* notes.txt in Resources */ = {isa = PBXBuildFile; fileRef = EE1F820E236C40ED00DD1A05 /* notes.txt */; };
		EE20F96B2444835D008D697F /* ImageView.swift in Sources */ = {isa = PBXBuildFile; fileRef = EE20F96A2444835D008D697F /* ImageView.swift */; };
		EE21096F2380004A008A4FAE /* StartView.swift in Sources */ = {isa = PBXBuildFile; fileRef = EE21096E2380004A008A4FAE /* StartView.swift */; };
		EE210971238003C7008A4FAE /* GameView.swift in Sources */ = {isa = PBXBuildFile; fileRef = EE210970238003C7008A4FAE /* GameView.swift */; };
		EE3330C123A821E100BAF4F8 /* Localizable.strings in Resources */ = {isa = PBXBuildFile; fileRef = EE3330BF23A821E100BAF4F8 /* Localizable.strings */; };
		EE42E32E2371FAA200911A91 /* Word.swift in Sources */ = {isa = PBXBuildFile; fileRef = EE42E32D2371FAA200911A91 /* Word.swift */; };
		EE42E3332371FC3900911A91 /* GameViewModelProtocol.swift in Sources */ = {isa = PBXBuildFile; fileRef = EE42E3322371FC3900911A91 /* GameViewModelProtocol.swift */; };
		EE5106E12382FAFC00357B37 /* Dynamic.swift in Sources */ = {isa = PBXBuildFile; fileRef = EE5106E02382FAFC00357B37 /* Dynamic.swift */; };
		EE56191F238C375D00B10EEF /* SettingsViewController.swift in Sources */ = {isa = PBXBuildFile; fileRef = EE56191E238C375D00B10EEF /* SettingsViewController.swift */; };
		EE561921238C37E100B10EEF /* SettingsView.swift in Sources */ = {isa = PBXBuildFile; fileRef = EE561920238C37E100B10EEF /* SettingsView.swift */; };
		EE561924238C3A7400B10EEF /* SettingsCell.swift in Sources */ = {isa = PBXBuildFile; fileRef = EE561923238C3A7400B10EEF /* SettingsCell.swift */; };
		EE561929238C415500B10EEF /* UserInfoHeader.swift in Sources */ = {isa = PBXBuildFile; fileRef = EE561928238C415500B10EEF /* UserInfoHeader.swift */; };
		EE5941CF239979ED0029AD83 /* SettingsSection.swift in Sources */ = {isa = PBXBuildFile; fileRef = EE5941CE239979ED0029AD83 /* SettingsSection.swift */; };
		EE5941D1239980750029AD83 /* GlobalSettings.swift in Sources */ = {isa = PBXBuildFile; fileRef = EE5941D0239980750029AD83 /* GlobalSettings.swift */; };
		EE668D56239ED1C9001E287C /* ThemeManager.swift in Sources */ = {isa = PBXBuildFile; fileRef = EE668D55239ED1C9001E287C /* ThemeManager.swift */; };
		EE699222236F0719007329DB /* StartViewController.swift in Sources */ = {isa = PBXBuildFile; fileRef = EE699221236F0719007329DB /* StartViewController.swift */; };
		EE6E66E6236EF2F200856AE3 /* words.json in Resources */ = {isa = PBXBuildFile; fileRef = EE6E66D6236EF2F200856AE3 /* words.json */; };
		EE771A6B239259490052C489 /* SettingsViewModelProtocol.swift in Sources */ = {isa = PBXBuildFile; fileRef = EE771A6A239259490052C489 /* SettingsViewModelProtocol.swift */; };
		EE771A6D2392595E0052C489 /* SettingsViewModel.swift in Sources */ = {isa = PBXBuildFile; fileRef = EE771A6C2392595E0052C489 /* SettingsViewModel.swift */; };
		EE771A6F239261400052C489 /* OptionsViewController.swift in Sources */ = {isa = PBXBuildFile; fileRef = EE771A6E239261400052C489 /* OptionsViewController.swift */; };
		EE771A712392617E0052C489 /* OptionsViewModelProtocol.swift in Sources */ = {isa = PBXBuildFile; fileRef = EE771A702392617E0052C489 /* OptionsViewModelProtocol.swift */; };
		EE771A73239261970052C489 /* OptionsViewModel.swift in Sources */ = {isa = PBXBuildFile; fileRef = EE771A72239261970052C489 /* OptionsViewModel.swift */; };
		EE771A752392739B0052C489 /* OptionsCell.swift in Sources */ = {isa = PBXBuildFile; fileRef = EE771A742392739B0052C489 /* OptionsCell.swift */; };
		EE771A77239274A70052C489 /* OptionsView.swift in Sources */ = {isa = PBXBuildFile; fileRef = EE771A76239274A70052C489 /* OptionsView.swift */; };
		EE8F4B272444B6E000B15E38 /* Switch.swift in Sources */ = {isa = PBXBuildFile; fileRef = EE8F4B262444B6E000B15E38 /* Switch.swift */; };
		EE8F4B292444B91500B15E38 /* Button.swift in Sources */ = {isa = PBXBuildFile; fileRef = EE8F4B282444B91500B15E38 /* Button.swift */; };
		EE8F4B2B2445A5E000B15E38 /* StackView.swift in Sources */ = {isa = PBXBuildFile; fileRef = EE8F4B2A2445A5E000B15E38 /* StackView.swift */; };
		EE8F4B2D2445A70C00B15E38 /* TextField.swift in Sources */ = {isa = PBXBuildFile; fileRef = EE8F4B2C2445A70C00B15E38 /* TextField.swift */; };
		EE8F4B2F2445A8CB00B15E38 /* SwipeGesture.swift in Sources */ = {isa = PBXBuildFile; fileRef = EE8F4B2E2445A8CB00B15E38 /* SwipeGesture.swift */; };
		EE8FCC2C2376C6900081F967 /* Game.swift in Sources */ = {isa = PBXBuildFile; fileRef = EE8FCC2B2376C6900081F967 /* Game.swift */; };
		EE8FCC2E2376CAB70081F967 /* GameViewModel.swift in Sources */ = {isa = PBXBuildFile; fileRef = EE8FCC2D2376CAB70081F967 /* GameViewModel.swift */; };
		EE8FCC312376CF880081F967 /* StartViewModelProtocol.swift in Sources */ = {isa = PBXBuildFile; fileRef = EE8FCC302376CF880081F967 /* StartViewModelProtocol.swift */; };
		EE8FCC332376CF910081F967 /* StartViewModel.swift in Sources */ = {isa = PBXBuildFile; fileRef = EE8FCC322376CF910081F967 /* StartViewModel.swift */; };
		EE96E204236DC14100B547A5 /* Constants.swift in Sources */ = {isa = PBXBuildFile; fileRef = EE96E203236DC14100B547A5 /* Constants.swift */; };
		EEB7226E243CEA8300F06216 /* Label.swift in Sources */ = {isa = PBXBuildFile; fileRef = EEB7226D243CEA8300F06216 /* Label.swift */; };
		EEE28652237C90AB00CE61B7 /* WordsRepository.swift in Sources */ = {isa = PBXBuildFile; fileRef = EEE28651237C90AB00CE61B7 /* WordsRepository.swift */; };
/* End PBXBuildFile section */

/* Begin PBXFileReference section */
		EE1F81F7236C40A500DD1A05 /* Hangman.app */ = {isa = PBXFileReference; explicitFileType = wrapper.application; includeInIndex = 0; path = Hangman.app; sourceTree = BUILT_PRODUCTS_DIR; };
		EE1F81FA236C40A500DD1A05 /* AppDelegate.swift */ = {isa = PBXFileReference; lastKnownFileType = sourcecode.swift; path = AppDelegate.swift; sourceTree = "<group>"; };
		EE1F81FC236C40A500DD1A05 /* SceneDelegate.swift */ = {isa = PBXFileReference; lastKnownFileType = sourcecode.swift; path = SceneDelegate.swift; sourceTree = "<group>"; };
		EE1F81FE236C40A500DD1A05 /* GameViewController.swift */ = {isa = PBXFileReference; lastKnownFileType = sourcecode.swift; path = GameViewController.swift; sourceTree = "<group>"; };
		EE1F8203236C40AC00DD1A05 /* Assets.xcassets */ = {isa = PBXFileReference; lastKnownFileType = folder.assetcatalog; path = Assets.xcassets; sourceTree = "<group>"; };
		EE1F8208236C40AC00DD1A05 /* Info.plist */ = {isa = PBXFileReference; lastKnownFileType = text.plist.xml; path = Info.plist; sourceTree = "<group>"; };
		EE1F820E236C40ED00DD1A05 /* notes.txt */ = {isa = PBXFileReference; lastKnownFileType = text; path = notes.txt; sourceTree = "<group>"; };
		EE20F96A2444835D008D697F /* ImageView.swift */ = {isa = PBXFileReference; lastKnownFileType = sourcecode.swift; path = ImageView.swift; sourceTree = "<group>"; };
		EE21096E2380004A008A4FAE /* StartView.swift */ = {isa = PBXFileReference; lastKnownFileType = sourcecode.swift; path = StartView.swift; sourceTree = "<group>"; };
		EE210970238003C7008A4FAE /* GameView.swift */ = {isa = PBXFileReference; lastKnownFileType = sourcecode.swift; path = GameView.swift; sourceTree = "<group>"; };
		EE3330C023A821E100BAF4F8 /* Base */ = {isa = PBXFileReference; lastKnownFileType = text.plist.strings; name = Base; path = Hangman/Base.lproj/Localizable.strings; sourceTree = "<group>"; };
		EE3330C223A821E400BAF4F8 /* en */ = {isa = PBXFileReference; lastKnownFileType = text.plist.strings; name = en; path = Hangman/en.lproj/Localizable.strings; sourceTree = "<group>"; };
		EE3330C323A821E500BAF4F8 /* hr */ = {isa = PBXFileReference; lastKnownFileType = text.plist.strings; name = hr; path = Hangman/hr.lproj/Localizable.strings; sourceTree = "<group>"; };
		EE42E32D2371FAA200911A91 /* Word.swift */ = {isa = PBXFileReference; lastKnownFileType = sourcecode.swift; path = Word.swift; sourceTree = "<group>"; };
		EE42E3322371FC3900911A91 /* GameViewModelProtocol.swift */ = {isa = PBXFileReference; lastKnownFileType = sourcecode.swift; path = GameViewModelProtocol.swift; sourceTree = "<group>"; };
		EE5106E02382FAFC00357B37 /* Dynamic.swift */ = {isa = PBXFileReference; lastKnownFileType = sourcecode.swift; path = Dynamic.swift; sourceTree = "<group>"; };
		EE56191E238C375D00B10EEF /* SettingsViewController.swift */ = {isa = PBXFileReference; lastKnownFileType = sourcecode.swift; path = SettingsViewController.swift; sourceTree = "<group>"; };
		EE561920238C37E100B10EEF /* SettingsView.swift */ = {isa = PBXFileReference; lastKnownFileType = sourcecode.swift; path = SettingsView.swift; sourceTree = "<group>"; };
		EE561923238C3A7400B10EEF /* SettingsCell.swift */ = {isa = PBXFileReference; lastKnownFileType = sourcecode.swift; path = SettingsCell.swift; sourceTree = "<group>"; };
		EE561928238C415500B10EEF /* UserInfoHeader.swift */ = {isa = PBXFileReference; lastKnownFileType = sourcecode.swift; path = UserInfoHeader.swift; sourceTree = "<group>"; };
		EE5941CE239979ED0029AD83 /* SettingsSection.swift */ = {isa = PBXFileReference; fileEncoding = 4; lastKnownFileType = sourcecode.swift; path = SettingsSection.swift; sourceTree = "<group>"; };
		EE5941D0239980750029AD83 /* GlobalSettings.swift */ = {isa = PBXFileReference; lastKnownFileType = sourcecode.swift; path = GlobalSettings.swift; sourceTree = "<group>"; };
		EE668D55239ED1C9001E287C /* ThemeManager.swift */ = {isa = PBXFileReference; lastKnownFileType = sourcecode.swift; path = ThemeManager.swift; sourceTree = "<group>"; };
		EE699221236F0719007329DB /* StartViewController.swift */ = {isa = PBXFileReference; lastKnownFileType = sourcecode.swift; path = StartViewController.swift; sourceTree = "<group>"; };
		EE6E66D6236EF2F200856AE3 /* words.json */ = {isa = PBXFileReference; fileEncoding = 4; lastKnownFileType = text.json; path = words.json; sourceTree = "<group>"; };
		EE771A6A239259490052C489 /* SettingsViewModelProtocol.swift */ = {isa = PBXFileReference; lastKnownFileType = sourcecode.swift; path = SettingsViewModelProtocol.swift; sourceTree = "<group>"; };
		EE771A6C2392595E0052C489 /* SettingsViewModel.swift */ = {isa = PBXFileReference; lastKnownFileType = sourcecode.swift; path = SettingsViewModel.swift; sourceTree = "<group>"; };
		EE771A6E239261400052C489 /* OptionsViewController.swift */ = {isa = PBXFileReference; lastKnownFileType = sourcecode.swift; path = OptionsViewController.swift; sourceTree = "<group>"; };
		EE771A702392617E0052C489 /* OptionsViewModelProtocol.swift */ = {isa = PBXFileReference; lastKnownFileType = sourcecode.swift; path = OptionsViewModelProtocol.swift; sourceTree = "<group>"; };
		EE771A72239261970052C489 /* OptionsViewModel.swift */ = {isa = PBXFileReference; lastKnownFileType = sourcecode.swift; path = OptionsViewModel.swift; sourceTree = "<group>"; };
		EE771A742392739B0052C489 /* OptionsCell.swift */ = {isa = PBXFileReference; lastKnownFileType = sourcecode.swift; path = OptionsCell.swift; sourceTree = "<group>"; };
		EE771A76239274A70052C489 /* OptionsView.swift */ = {isa = PBXFileReference; lastKnownFileType = sourcecode.swift; path = OptionsView.swift; sourceTree = "<group>"; };
		EE8F4B262444B6E000B15E38 /* Switch.swift */ = {isa = PBXFileReference; lastKnownFileType = sourcecode.swift; path = Switch.swift; sourceTree = "<group>"; };
		EE8F4B282444B91500B15E38 /* Button.swift */ = {isa = PBXFileReference; lastKnownFileType = sourcecode.swift; path = Button.swift; sourceTree = "<group>"; };
		EE8F4B2A2445A5E000B15E38 /* StackView.swift */ = {isa = PBXFileReference; lastKnownFileType = sourcecode.swift; path = StackView.swift; sourceTree = "<group>"; };
		EE8F4B2C2445A70C00B15E38 /* TextField.swift */ = {isa = PBXFileReference; lastKnownFileType = sourcecode.swift; path = TextField.swift; sourceTree = "<group>"; };
		EE8F4B2E2445A8CB00B15E38 /* SwipeGesture.swift */ = {isa = PBXFileReference; lastKnownFileType = sourcecode.swift; path = SwipeGesture.swift; sourceTree = "<group>"; };
		EE8FCC2B2376C6900081F967 /* Game.swift */ = {isa = PBXFileReference; lastKnownFileType = sourcecode.swift; path = Game.swift; sourceTree = "<group>"; };
		EE8FCC2D2376CAB70081F967 /* GameViewModel.swift */ = {isa = PBXFileReference; lastKnownFileType = sourcecode.swift; path = GameViewModel.swift; sourceTree = "<group>"; };
		EE8FCC302376CF880081F967 /* StartViewModelProtocol.swift */ = {isa = PBXFileReference; lastKnownFileType = sourcecode.swift; path = StartViewModelProtocol.swift; sourceTree = "<group>"; };
		EE8FCC322376CF910081F967 /* StartViewModel.swift */ = {isa = PBXFileReference; lastKnownFileType = sourcecode.swift; path = StartViewModel.swift; sourceTree = "<group>"; };
		EE96E203236DC14100B547A5 /* Constants.swift */ = {isa = PBXFileReference; lastKnownFileType = sourcecode.swift; path = Constants.swift; sourceTree = "<group>"; };
		EEB7226D243CEA8300F06216 /* Label.swift */ = {isa = PBXFileReference; lastKnownFileType = sourcecode.swift; path = Label.swift; sourceTree = "<group>"; };
		EEE28651237C90AB00CE61B7 /* WordsRepository.swift */ = {isa = PBXFileReference; lastKnownFileType = sourcecode.swift; path = WordsRepository.swift; sourceTree = "<group>"; };
/* End PBXFileReference section */

/* Begin PBXFrameworksBuildPhase section */
		EE1F81F4236C40A500DD1A05 /* Frameworks */ = {
			isa = PBXFrameworksBuildPhase;
			buildActionMask = 2147483647;
			files = (
			);
			runOnlyForDeploymentPostprocessing = 0;
		};
/* End PBXFrameworksBuildPhase section */

/* Begin PBXGroup section */
		EE1F81EE236C40A500DD1A05 = {
			isa = PBXGroup;
			children = (
				EE1F81F9236C40A500DD1A05 /* Hangman */,
				EE1F81F8236C40A500DD1A05 /* Products */,
				EE1F820E236C40ED00DD1A05 /* notes.txt */,
			);
			sourceTree = "<group>";
		};
		EE1F81F8236C40A500DD1A05 /* Products */ = {
			isa = PBXGroup;
			children = (
				EE1F81F7236C40A500DD1A05 /* Hangman.app */,
			);
			name = Products;
			sourceTree = "<group>";
		};
		EE1F81F9236C40A500DD1A05 /* Hangman */ = {
			isa = PBXGroup;
			children = (
				EE1F81FA236C40A500DD1A05 /* AppDelegate.swift */,
				EE1F81FC236C40A500DD1A05 /* SceneDelegate.swift */,
				EE95D6BB23B9311B00814961 /* Configuration */,
				EE8FCC2F2376CF520081F967 /* Services */,
				EE42E3302371FBC600911A91 /* Model */,
				EE42E3312371FBCB00911A91 /* ViewModel */,
				EE42E32F2371FBB900911A91 /* ViewController */,
				EE21096D23800030008A4FAE /* Views */,
				EE6E66C5236EF2F200856AE3 /* Resources */,
				EE1F8208236C40AC00DD1A05 /* Info.plist */,
			);
			path = Hangman;
			sourceTree = "<group>";
		};
		EE21096D23800030008A4FAE /* Views */ = {
			isa = PBXGroup;
			children = (
				EEB72271243CF18000F06216 /* Components */,
				EE561922238C386200B10EEF /* Cells */,
				EE21096E2380004A008A4FAE /* StartView.swift */,
				EE210970238003C7008A4FAE /* GameView.swift */,
				EE561920238C37E100B10EEF /* SettingsView.swift */,
				EE771A76239274A70052C489 /* OptionsView.swift */,
			);
			path = Views;
			sourceTree = "<group>";
		};
		EE42E32F2371FBB900911A91 /* ViewController */ = {
			isa = PBXGroup;
			children = (
				EE699221236F0719007329DB /* StartViewController.swift */,
				EE1F81FE236C40A500DD1A05 /* GameViewController.swift */,
				EE56191E238C375D00B10EEF /* SettingsViewController.swift */,
				EE771A6E239261400052C489 /* OptionsViewController.swift */,
			);
			path = ViewController;
			sourceTree = "<group>";
		};
		EE42E3302371FBC600911A91 /* Model */ = {
			isa = PBXGroup;
			children = (
				EE5941CE239979ED0029AD83 /* SettingsSection.swift */,
				EE42E32D2371FAA200911A91 /* Word.swift */,
				EE8FCC2B2376C6900081F967 /* Game.swift */,
			);
			path = Model;
			sourceTree = "<group>";
		};
		EE42E3312371FBCB00911A91 /* ViewModel */ = {
			isa = PBXGroup;
			children = (
				EE5106E02382FAFC00357B37 /* Dynamic.swift */,
				EE8FCC302376CF880081F967 /* StartViewModelProtocol.swift */,
				EE8FCC322376CF910081F967 /* StartViewModel.swift */,
				EE42E3322371FC3900911A91 /* GameViewModelProtocol.swift */,
				EE8FCC2D2376CAB70081F967 /* GameViewModel.swift */,
				EE771A6A239259490052C489 /* SettingsViewModelProtocol.swift */,
				EE771A6C2392595E0052C489 /* SettingsViewModel.swift */,
				EE771A702392617E0052C489 /* OptionsViewModelProtocol.swift */,
				EE771A72239261970052C489 /* OptionsViewModel.swift */,
			);
			path = ViewModel;
			sourceTree = "<group>";
		};
		EE561922238C386200B10EEF /* Cells */ = {
			isa = PBXGroup;
			children = (
				EE561928238C415500B10EEF /* UserInfoHeader.swift */,
				EE561923238C3A7400B10EEF /* SettingsCell.swift */,
				EE771A742392739B0052C489 /* OptionsCell.swift */,
			);
			path = Cells;
			sourceTree = "<group>";
		};
		EE6E66C5236EF2F200856AE3 /* Resources */ = {
			isa = PBXGroup;
			children = (
				EE3330BF23A821E100BAF4F8 /* Localizable.strings */,
				EE1F8203236C40AC00DD1A05 /* Assets.xcassets */,
				EE6E66D6236EF2F200856AE3 /* words.json */,
			);
			path = Resources;
			sourceTree = "<group>";
		};
		EE8FCC2F2376CF520081F967 /* Services */ = {
			isa = PBXGroup;
			children = (
				EEE28651237C90AB00CE61B7 /* WordsRepository.swift */,
			);
			path = Services;
			sourceTree = "<group>";
		};
		EE95D6BB23B9311B00814961 /* Configuration */ = {
			isa = PBXGroup;
			children = (
				EE96E203236DC14100B547A5 /* Constants.swift */,
				EE5941D0239980750029AD83 /* GlobalSettings.swift */,
				EE668D55239ED1C9001E287C /* ThemeManager.swift */,
			);
			path = Configuration;
			sourceTree = "<group>";
		};
		EEB72271243CF18000F06216 /* Components */ = {
			isa = PBXGroup;
			children = (
				EEB7226D243CEA8300F06216 /* Label.swift */,
				EE8F4B282444B91500B15E38 /* Button.swift */,
				EE20F96A2444835D008D697F /* ImageView.swift */,
				EE8F4B262444B6E000B15E38 /* Switch.swift */,
				EE8F4B2A2445A5E000B15E38 /* StackView.swift */,
				EE8F4B2C2445A70C00B15E38 /* TextField.swift */,
				EE8F4B2E2445A8CB00B15E38 /* SwipeGesture.swift */,
			);
			path = Components;
			sourceTree = "<group>";
		};
/* End PBXGroup section */

/* Begin PBXNativeTarget section */
		EE1F81F6236C40A500DD1A05 /* Hangman */ = {
			isa = PBXNativeTarget;
			buildConfigurationList = EE1F820B236C40AC00DD1A05 /* Build configuration list for PBXNativeTarget "Hangman" */;
			buildPhases = (
				EE1F81F3236C40A500DD1A05 /* Sources */,
				EE1F81F4236C40A500DD1A05 /* Frameworks */,
				EE1F81F5236C40A500DD1A05 /* Resources */,
			);
			buildRules = (
			);
			dependencies = (
			);
			name = Hangman;
			productName = Hangman;
			productReference = EE1F81F7236C40A500DD1A05 /* Hangman.app */;
			productType = "com.apple.product-type.application";
		};
/* End PBXNativeTarget section */

/* Begin PBXProject section */
		EE1F81EF236C40A500DD1A05 /* Project object */ = {
			isa = PBXProject;
			attributes = {
				LastSwiftUpdateCheck = 1110;
				LastUpgradeCheck = 1110;
				ORGANIZATIONNAME = "Hrvoje Vuković";
				TargetAttributes = {
					EE1F81F6236C40A500DD1A05 = {
						CreatedOnToolsVersion = 11.1;
					};
				};
			};
			buildConfigurationList = EE1F81F2236C40A500DD1A05 /* Build configuration list for PBXProject "Hangman" */;
			compatibilityVersion = "Xcode 9.3";
			developmentRegion = en;
			hasScannedForEncodings = 0;
			knownRegions = (
				en,
				Base,
				hr,
			);
			mainGroup = EE1F81EE236C40A500DD1A05;
			productRefGroup = EE1F81F8236C40A500DD1A05 /* Products */;
			projectDirPath = "";
			projectRoot = "";
			targets = (
				EE1F81F6236C40A500DD1A05 /* Hangman */,
			);
		};
/* End PBXProject section */

/* Begin PBXResourcesBuildPhase section */
		EE1F81F5236C40A500DD1A05 /* Resources */ = {
			isa = PBXResourcesBuildPhase;
			buildActionMask = 2147483647;
			files = (
				EE1F8204236C40AC00DD1A05 /* Assets.xcassets in Resources */,
				EE3330C123A821E100BAF4F8 /* Localizable.strings in Resources */,
				EE6E66E6236EF2F200856AE3 /* words.json in Resources */,
				EE1F820F236C40ED00DD1A05 /* notes.txt in Resources */,
			);
			runOnlyForDeploymentPostprocessing = 0;
		};
/* End PBXResourcesBuildPhase section */

/* Begin PBXSourcesBuildPhase section */
		EE1F81F3236C40A500DD1A05 /* Sources */ = {
			isa = PBXSourcesBuildPhase;
			buildActionMask = 2147483647;
			files = (
				EE8FCC2E2376CAB70081F967 /* GameViewModel.swift in Sources */,
				EE771A6D2392595E0052C489 /* SettingsViewModel.swift in Sources */,
				EE8FCC312376CF880081F967 /* StartViewModelProtocol.swift in Sources */,
				EE8F4B2D2445A70C00B15E38 /* TextField.swift in Sources */,
				EE771A77239274A70052C489 /* OptionsView.swift in Sources */,
				EEB7226E243CEA8300F06216 /* Label.swift in Sources */,
				EE561924238C3A7400B10EEF /* SettingsCell.swift in Sources */,
				EE699222236F0719007329DB /* StartViewController.swift in Sources */,
				EEE28652237C90AB00CE61B7 /* WordsRepository.swift in Sources */,
				EE1F81FF236C40A500DD1A05 /* GameViewController.swift in Sources */,
				EE5941CF239979ED0029AD83 /* SettingsSection.swift in Sources */,
				EE8F4B292444B91500B15E38 /* Button.swift in Sources */,
				EE771A752392739B0052C489 /* OptionsCell.swift in Sources */,
				EE561921238C37E100B10EEF /* SettingsView.swift in Sources */,
				EE8F4B2B2445A5E000B15E38 /* StackView.swift in Sources */,
				EE771A6F239261400052C489 /* OptionsViewController.swift in Sources */,
				EE8F4B2F2445A8CB00B15E38 /* SwipeGesture.swift in Sources */,
				EE21096F2380004A008A4FAE /* StartView.swift in Sources */,
				EE20F96B2444835D008D697F /* ImageView.swift in Sources */,
				EE771A6B239259490052C489 /* SettingsViewModelProtocol.swift in Sources */,
				EE5106E12382FAFC00357B37 /* Dynamic.swift in Sources */,
				EE56191F238C375D00B10EEF /* SettingsViewController.swift in Sources */,
				EE210971238003C7008A4FAE /* GameView.swift in Sources */,
				EE1F81FB236C40A500DD1A05 /* AppDelegate.swift in Sources */,
				EE1F81FD236C40A500DD1A05 /* SceneDelegate.swift in Sources */,
				EE96E204236DC14100B547A5 /* Constants.swift in Sources */,
				EE771A712392617E0052C489 /* OptionsViewModelProtocol.swift in Sources */,
				EE771A73239261970052C489 /* OptionsViewModel.swift in Sources */,
				EE668D56239ED1C9001E287C /* ThemeManager.swift in Sources */,
				EE8F4B272444B6E000B15E38 /* Switch.swift in Sources */,
				EE8FCC332376CF910081F967 /* StartViewModel.swift in Sources */,
				EE42E32E2371FAA200911A91 /* Word.swift in Sources */,
				EE42E3332371FC3900911A91 /* GameViewModelProtocol.swift in Sources */,
				EE5941D1239980750029AD83 /* GlobalSettings.swift in Sources */,
				EE8FCC2C2376C6900081F967 /* Game.swift in Sources */,
				EE561929238C415500B10EEF /* UserInfoHeader.swift in Sources */,
			);
			runOnlyForDeploymentPostprocessing = 0;
		};
/* End PBXSourcesBuildPhase section */

/* Begin PBXVariantGroup section */
		EE3330BF23A821E100BAF4F8 /* Localizable.strings */ = {
			isa = PBXVariantGroup;
			children = (
				EE3330C023A821E100BAF4F8 /* Base */,
				EE3330C223A821E400BAF4F8 /* en */,
				EE3330C323A821E500BAF4F8 /* hr */,
			);
			name = Localizable.strings;
			sourceTree = "<group>";
		};
/* End PBXVariantGroup section */

/* Begin XCBuildConfiguration section */
		EE1F8209236C40AC00DD1A05 /* Debug */ = {
			isa = XCBuildConfiguration;
			buildSettings = {
				ALWAYS_SEARCH_USER_PATHS = NO;
				CLANG_ANALYZER_LOCALIZABILITY_NONLOCALIZED = YES;
				CLANG_ANALYZER_NONNULL = YES;
				CLANG_ANALYZER_NUMBER_OBJECT_CONVERSION = YES_AGGRESSIVE;
				CLANG_CXX_LANGUAGE_STANDARD = "gnu++14";
				CLANG_CXX_LIBRARY = "libc++";
				CLANG_ENABLE_MODULES = YES;
				CLANG_ENABLE_OBJC_ARC = YES;
				CLANG_ENABLE_OBJC_WEAK = YES;
				CLANG_WARN_BLOCK_CAPTURE_AUTORELEASING = YES;
				CLANG_WARN_BOOL_CONVERSION = YES;
				CLANG_WARN_COMMA = YES;
				CLANG_WARN_CONSTANT_CONVERSION = YES;
				CLANG_WARN_DEPRECATED_OBJC_IMPLEMENTATIONS = YES;
				CLANG_WARN_DIRECT_OBJC_ISA_USAGE = YES_ERROR;
				CLANG_WARN_DOCUMENTATION_COMMENTS = YES;
				CLANG_WARN_EMPTY_BODY = YES;
				CLANG_WARN_ENUM_CONVERSION = YES;
				CLANG_WARN_INFINITE_RECURSION = YES;
				CLANG_WARN_INT_CONVERSION = YES;
				CLANG_WARN_NON_LITERAL_NULL_CONVERSION = YES;
				CLANG_WARN_OBJC_IMPLICIT_RETAIN_SELF = YES;
				CLANG_WARN_OBJC_LITERAL_CONVERSION = YES;
				CLANG_WARN_OBJC_ROOT_CLASS = YES_ERROR;
				CLANG_WARN_RANGE_LOOP_ANALYSIS = YES;
				CLANG_WARN_STRICT_PROTOTYPES = YES;
				CLANG_WARN_SUSPICIOUS_MOVE = YES;
				CLANG_WARN_UNGUARDED_AVAILABILITY = YES_AGGRESSIVE;
				CLANG_WARN_UNREACHABLE_CODE = YES;
				CLANG_WARN__DUPLICATE_METHOD_MATCH = YES;
				COPY_PHASE_STRIP = NO;
				DEBUG_INFORMATION_FORMAT = dwarf;
				ENABLE_STRICT_OBJC_MSGSEND = YES;
				ENABLE_TESTABILITY = YES;
				GCC_C_LANGUAGE_STANDARD = gnu11;
				GCC_DYNAMIC_NO_PIC = NO;
				GCC_NO_COMMON_BLOCKS = YES;
				GCC_OPTIMIZATION_LEVEL = 0;
				GCC_PREPROCESSOR_DEFINITIONS = (
					"DEBUG=1",
					"$(inherited)",
				);
				GCC_WARN_64_TO_32_BIT_CONVERSION = YES;
				GCC_WARN_ABOUT_RETURN_TYPE = YES_ERROR;
				GCC_WARN_UNDECLARED_SELECTOR = YES;
				GCC_WARN_UNINITIALIZED_AUTOS = YES_AGGRESSIVE;
				GCC_WARN_UNUSED_FUNCTION = YES;
				GCC_WARN_UNUSED_VARIABLE = YES;
				IPHONEOS_DEPLOYMENT_TARGET = 13.0;
				MTL_ENABLE_DEBUG_INFO = INCLUDE_SOURCE;
				MTL_FAST_MATH = YES;
				ONLY_ACTIVE_ARCH = YES;
				SDKROOT = iphoneos;
				SWIFT_ACTIVE_COMPILATION_CONDITIONS = DEBUG;
				SWIFT_OPTIMIZATION_LEVEL = "-Onone";
			};
			name = Debug;
		};
		EE1F820A236C40AC00DD1A05 /* Release */ = {
			isa = XCBuildConfiguration;
			buildSettings = {
				ALWAYS_SEARCH_USER_PATHS = NO;
				CLANG_ANALYZER_LOCALIZABILITY_NONLOCALIZED = YES;
				CLANG_ANALYZER_NONNULL = YES;
				CLANG_ANALYZER_NUMBER_OBJECT_CONVERSION = YES_AGGRESSIVE;
				CLANG_CXX_LANGUAGE_STANDARD = "gnu++14";
				CLANG_CXX_LIBRARY = "libc++";
				CLANG_ENABLE_MODULES = YES;
				CLANG_ENABLE_OBJC_ARC = YES;
				CLANG_ENABLE_OBJC_WEAK = YES;
				CLANG_WARN_BLOCK_CAPTURE_AUTORELEASING = YES;
				CLANG_WARN_BOOL_CONVERSION = YES;
				CLANG_WARN_COMMA = YES;
				CLANG_WARN_CONSTANT_CONVERSION = YES;
				CLANG_WARN_DEPRECATED_OBJC_IMPLEMENTATIONS = YES;
				CLANG_WARN_DIRECT_OBJC_ISA_USAGE = YES_ERROR;
				CLANG_WARN_DOCUMENTATION_COMMENTS = YES;
				CLANG_WARN_EMPTY_BODY = YES;
				CLANG_WARN_ENUM_CONVERSION = YES;
				CLANG_WARN_INFINITE_RECURSION = YES;
				CLANG_WARN_INT_CONVERSION = YES;
				CLANG_WARN_NON_LITERAL_NULL_CONVERSION = YES;
				CLANG_WARN_OBJC_IMPLICIT_RETAIN_SELF = YES;
				CLANG_WARN_OBJC_LITERAL_CONVERSION = YES;
				CLANG_WARN_OBJC_ROOT_CLASS = YES_ERROR;
				CLANG_WARN_RANGE_LOOP_ANALYSIS = YES;
				CLANG_WARN_STRICT_PROTOTYPES = YES;
				CLANG_WARN_SUSPICIOUS_MOVE = YES;
				CLANG_WARN_UNGUARDED_AVAILABILITY = YES_AGGRESSIVE;
				CLANG_WARN_UNREACHABLE_CODE = YES;
				CLANG_WARN__DUPLICATE_METHOD_MATCH = YES;
				COPY_PHASE_STRIP = NO;
				DEBUG_INFORMATION_FORMAT = "dwarf-with-dsym";
				ENABLE_NS_ASSERTIONS = NO;
				ENABLE_STRICT_OBJC_MSGSEND = YES;
				GCC_C_LANGUAGE_STANDARD = gnu11;
				GCC_NO_COMMON_BLOCKS = YES;
				GCC_WARN_64_TO_32_BIT_CONVERSION = YES;
				GCC_WARN_ABOUT_RETURN_TYPE = YES_ERROR;
				GCC_WARN_UNDECLARED_SELECTOR = YES;
				GCC_WARN_UNINITIALIZED_AUTOS = YES_AGGRESSIVE;
				GCC_WARN_UNUSED_FUNCTION = YES;
				GCC_WARN_UNUSED_VARIABLE = YES;
				IPHONEOS_DEPLOYMENT_TARGET = 13.0;
				MTL_ENABLE_DEBUG_INFO = NO;
				MTL_FAST_MATH = YES;
				SDKROOT = iphoneos;
				SWIFT_COMPILATION_MODE = wholemodule;
				SWIFT_OPTIMIZATION_LEVEL = "-O";
				VALIDATE_PRODUCT = YES;
			};
			name = Release;
		};
		EE1F820C236C40AC00DD1A05 /* Debug */ = {
			isa = XCBuildConfiguration;
			buildSettings = {
				ASSETCATALOG_COMPILER_APPICON_NAME = AppIcon;
				CODE_SIGN_STYLE = Automatic;
				DEVELOPMENT_TEAM = NB2QYWV27L;
				INFOPLIST_FILE = Hangman/Info.plist;
				IPHONEOS_DEPLOYMENT_TARGET = 13.0;
				LD_RUNPATH_SEARCH_PATHS = (
					"$(inherited)",
					"@executable_path/Frameworks",
				);
				PRODUCT_BUNDLE_IDENTIFIER = com.hrvojevukovic.Hangman;
				PRODUCT_NAME = "$(TARGET_NAME)";
				SWIFT_VERSION = 5.0;
				TARGETED_DEVICE_FAMILY = 1;
			};
			name = Debug;
		};
		EE1F820D236C40AC00DD1A05 /* Release */ = {
			isa = XCBuildConfiguration;
			buildSettings = {
				ASSETCATALOG_COMPILER_APPICON_NAME = AppIcon;
				CODE_SIGN_STYLE = Automatic;
				DEVELOPMENT_TEAM = NB2QYWV27L;
				INFOPLIST_FILE = Hangman/Info.plist;
				IPHONEOS_DEPLOYMENT_TARGET = 13.0;
				LD_RUNPATH_SEARCH_PATHS = (
					"$(inherited)",
					"@executable_path/Frameworks",
				);
				PRODUCT_BUNDLE_IDENTIFIER = com.hrvojevukovic.Hangman;
				PRODUCT_NAME = "$(TARGET_NAME)";
				SWIFT_VERSION = 5.0;
				TARGETED_DEVICE_FAMILY = 1;
			};
			name = Release;
		};
/* End XCBuildConfiguration section */

/* Begin XCConfigurationList section */
		EE1F81F2236C40A500DD1A05 /* Build configuration list for PBXProject "Hangman" */ = {
			isa = XCConfigurationList;
			buildConfigurations = (
				EE1F8209236C40AC00DD1A05 /* Debug */,
				EE1F820A236C40AC00DD1A05 /* Release */,
			);
			defaultConfigurationIsVisible = 0;
			defaultConfigurationName = Release;
		};
		EE1F820B236C40AC00DD1A05 /* Build configuration list for PBXNativeTarget "Hangman" */ = {
			isa = XCConfigurationList;
			buildConfigurations = (
				EE1F820C236C40AC00DD1A05 /* Debug */,
				EE1F820D236C40AC00DD1A05 /* Release */,
			);
			defaultConfigurationIsVisible = 0;
			defaultConfigurationName = Release;
		};
/* End XCConfigurationList section */
	};
	rootObject = EE1F81EF236C40A500DD1A05 /* Project object */;
}
